
Microsoft Visual Studio Solution File, Format Version 12.00
Project("{FAE04EC0-301F-11D3-BF4B-00C04F79EFBC}") = "AmazonSqsListener", "AmazonSqsListener\AmazonSqsListener.csproj", "{F83EC449-8AE9-45E4-B269-8D0165C116D4}"
EndProject
Global
	GlobalSection(SolutionConfigurationPlatforms) = preSolution
		Debug|Any CPU = Debug|Any CPU
		Release|Any CPU = Release|Any CPU
	EndGlobalSection
	GlobalSection(ProjectConfigurationPlatforms) = postSolution
		{F83EC449-8AE9-45E4-B269-8D0165C116D4}.Debug|Any CPU.ActiveCfg = Debug|Any CPU
		{F83EC449-8AE9-45E4-B269-8D0165C116D4}.Debug|Any CPU.Build.0 = Debug|Any CPU
		{F83EC449-8AE9-45E4-B269-8D0165C116D4}.Release|Any CPU.ActiveCfg = Release|Any CPU
		{F83EC449-8AE9-45E4-B269-8D0165C116D4}.Release|Any CPU.Build.0 = Release|Any CPU
	EndGlobalSection
EndGlobal
